
Microsoft Visual Studio Solution File, Format Version 12.00
# Visual Studio Version 16
VisualStudioVersion = 16.0.30711.63
MinimumVisualStudioVersion = 10.0.40219.1
Project("{2150E333-8FDC-42A3-9474-1A3956D46DE8}") = "src", "src", "{0161CCA1-1EC2-4AD5-BACE-1BCFD918DF6D}"
EndProject
Project("{2150E333-8FDC-42A3-9474-1A3956D46DE8}") = "1 - Application", "1 - Application", "{31E3A5AC-16A2-4F4E-B562-26BBAA630CD4}"
EndProject
Project("{2150E333-8FDC-42A3-9474-1A3956D46DE8}") = "2 - Domain", "2 - Domain", "{336A896D-6BA4-4BF3-B895-1CF008724D22}"
EndProject
Project("{2150E333-8FDC-42A3-9474-1A3956D46DE8}") = "3 - Service", "3 - Service", "{65BB890A-7E9C-49A9-9E2D-577A90C9F1C9}"
EndProject
Project("{2150E333-8FDC-42A3-9474-1A3956D46DE8}") = "4 - Infra", "4 - Infra", "{6B191A84-EAAC-4772-9C86-7F36EDEF12EC}"
EndProject
Project("{FAE04EC0-301F-11D3-BF4B-00C04F79EFBC}") = "userManager.Application", "userManager.Application\userManager.Application.csproj", "{33858CF7-19B0-4272-B057-46C4955FC04D}"
EndProject
Project("{FAE04EC0-301F-11D3-BF4B-00C04F79EFBC}") = "userManager.Domain", "userManager.Domain\userManager.Domain.csproj", "{8B5E47AC-022A-4AFF-8530-8AD2EDF7AC6A}"
EndProject
Project("{FAE04EC0-301F-11D3-BF4B-00C04F79EFBC}") = "userManager.Service", "userManager.Services\userManager.Service.csproj", "{D76695CC-8A82-4D9C-810F-0109C8A37189}"
EndProject
Project("{2150E333-8FDC-42A3-9474-1A3956D46DE8}") = "4.1 - Data", "4.1 - Data", "{B0597B6F-4B92-4CFF-A52E-BB4B81F198F6}"
EndProject
Project("{2150E333-8FDC-42A3-9474-1A3956D46DE8}") = "4.2 - CrossCutting", "4.2 - CrossCutting", "{DE2C8C56-52DB-426A-80E0-750F1B0E3EC2}"
EndProject
Project("{FAE04EC0-301F-11D3-BF4B-00C04F79EFBC}") = "userManager.Data", "userManager.Data\userManager.Data.csproj", "{297A60F0-9F7E-4353-95CB-FFF896998CD2}"
EndProject
Project("{FAE04EC0-301F-11D3-BF4B-00C04F79EFBC}") = "userManager.CrossCutting", "userManager.CrossCutting\userManager.CrossCutting.csproj", "{E8B7D057-16A0-4C4C-8B32-EFFB4DACCFCA}"
EndProject
Global
	GlobalSection(SolutionConfigurationPlatforms) = preSolution
		Debug|Any CPU = Debug|Any CPU
		Release|Any CPU = Release|Any CPU
	EndGlobalSection
	GlobalSection(ProjectConfigurationPlatforms) = postSolution
		{33858CF7-19B0-4272-B057-46C4955FC04D}.Debug|Any CPU.ActiveCfg = Debug|Any CPU
		{33858CF7-19B0-4272-B057-46C4955FC04D}.Debug|Any CPU.Build.0 = Debug|Any CPU
		{33858CF7-19B0-4272-B057-46C4955FC04D}.Release|Any CPU.ActiveCfg = Release|Any CPU
		{33858CF7-19B0-4272-B057-46C4955FC04D}.Release|Any CPU.Build.0 = Release|Any CPU
		{8B5E47AC-022A-4AFF-8530-8AD2EDF7AC6A}.Debug|Any CPU.ActiveCfg = Debug|Any CPU
		{8B5E47AC-022A-4AFF-8530-8AD2EDF7AC6A}.Debug|Any CPU.Build.0 = Debug|Any CPU
		{8B5E47AC-022A-4AFF-8530-8AD2EDF7AC6A}.Release|Any CPU.ActiveCfg = Release|Any CPU
		{8B5E47AC-022A-4AFF-8530-8AD2EDF7AC6A}.Release|Any CPU.Build.0 = Release|Any CPU
		{D76695CC-8A82-4D9C-810F-0109C8A37189}.Debug|Any CPU.ActiveCfg = Debug|Any CPU
		{D76695CC-8A82-4D9C-810F-0109C8A37189}.Debug|Any CPU.Build.0 = Debug|Any CPU
		{D76695CC-8A82-4D9C-810F-0109C8A37189}.Release|Any CPU.ActiveCfg = Release|Any CPU
		{D76695CC-8A82-4D9C-810F-0109C8A37189}.Release|Any CPU.Build.0 = Release|Any CPU
		{297A60F0-9F7E-4353-95CB-FFF896998CD2}.Debug|Any CPU.ActiveCfg = Debug|Any CPU
		{297A60F0-9F7E-4353-95CB-FFF896998CD2}.Debug|Any CPU.Build.0 = Debug|Any CPU
		{297A60F0-9F7E-4353-95CB-FFF896998CD2}.Release|Any CPU.ActiveCfg = Release|Any CPU
		{297A60F0-9F7E-4353-95CB-FFF896998CD2}.Release|Any CPU.Build.0 = Release|Any CPU
		{E8B7D057-16A0-4C4C-8B32-EFFB4DACCFCA}.Debug|Any CPU.ActiveCfg = Debug|Any CPU
		{E8B7D057-16A0-4C4C-8B32-EFFB4DACCFCA}.Debug|Any CPU.Build.0 = Debug|Any CPU
		{E8B7D057-16A0-4C4C-8B32-EFFB4DACCFCA}.Release|Any CPU.ActiveCfg = Release|Any CPU
		{E8B7D057-16A0-4C4C-8B32-EFFB4DACCFCA}.Release|Any CPU.Build.0 = Release|Any CPU
	EndGlobalSection
	GlobalSection(SolutionProperties) = preSolution
		HideSolutionNode = FALSE
	EndGlobalSection
	GlobalSection(NestedProjects) = preSolution
		{31E3A5AC-16A2-4F4E-B562-26BBAA630CD4} = {0161CCA1-1EC2-4AD5-BACE-1BCFD918DF6D}
		{336A896D-6BA4-4BF3-B895-1CF008724D22} = {0161CCA1-1EC2-4AD5-BACE-1BCFD918DF6D}
		{65BB890A-7E9C-49A9-9E2D-577A90C9F1C9} = {0161CCA1-1EC2-4AD5-BACE-1BCFD918DF6D}
		{6B191A84-EAAC-4772-9C86-7F36EDEF12EC} = {0161CCA1-1EC2-4AD5-BACE-1BCFD918DF6D}
		{33858CF7-19B0-4272-B057-46C4955FC04D} = {31E3A5AC-16A2-4F4E-B562-26BBAA630CD4}
		{8B5E47AC-022A-4AFF-8530-8AD2EDF7AC6A} = {336A896D-6BA4-4BF3-B895-1CF008724D22}
		{D76695CC-8A82-4D9C-810F-0109C8A37189} = {65BB890A-7E9C-49A9-9E2D-577A90C9F1C9}
		{B0597B6F-4B92-4CFF-A52E-BB4B81F198F6} = {6B191A84-EAAC-4772-9C86-7F36EDEF12EC}
		{DE2C8C56-52DB-426A-80E0-750F1B0E3EC2} = {6B191A84-EAAC-4772-9C86-7F36EDEF12EC}
		{297A60F0-9F7E-4353-95CB-FFF896998CD2} = {B0597B6F-4B92-4CFF-A52E-BB4B81F198F6}
		{E8B7D057-16A0-4C4C-8B32-EFFB4DACCFCA} = {DE2C8C56-52DB-426A-80E0-750F1B0E3EC2}
	EndGlobalSection
	GlobalSection(ExtensibilityGlobals) = postSolution
		SolutionGuid = {D739BCE3-87D6-48F3-AC5A-8769D6EF3D05}
	EndGlobalSection
EndGlobal
